
Microsoft Visual Studio Solution File, Format Version 12.00
# Visual Studio Version 17
VisualStudioVersion = 17.11.35327.3
MinimumVisualStudioVersion = 10.0.40219.1
Project("{FAE04EC0-301F-11D3-BF4B-00C04F79EFBC}") = "DLPFinalProjectIdea", "DLPFinalProjectIdea\DLPFinalProjectIdea.csproj", "{223D0161-CB59-4DAC-B8E3-B69D708C6AEA}"
EndProject
Global
	GlobalSection(SolutionConfigurationPlatforms) = preSolution
		Debug|Any CPU = Debug|Any CPU
		Release|Any CPU = Release|Any CPU
	EndGlobalSection
	GlobalSection(ProjectConfigurationPlatforms) = postSolution
		{223D0161-CB59-4DAC-B8E3-B69D708C6AEA}.Debug|Any CPU.ActiveCfg = Debug|Any CPU
		{223D0161-CB59-4DAC-B8E3-B69D708C6AEA}.Debug|Any CPU.Build.0 = Debug|Any CPU
		{223D0161-CB59-4DAC-B8E3-B69D708C6AEA}.Release|Any CPU.ActiveCfg = Release|Any CPU
		{223D0161-CB59-4DAC-B8E3-B69D708C6AEA}.Release|Any CPU.Build.0 = Release|Any CPU
	EndGlobalSection
	GlobalSection(SolutionProperties) = preSolution
		HideSolutionNode = FALSE
	EndGlobalSection
	GlobalSection(ExtensibilityGlobals) = postSolution
		SolutionGuid = {79FF17FE-0D84-4C2D-82C5-B526B458F39A}
	EndGlobalSection
EndGlobal
